// !$*UTF8*$!
{
	archiveVersion = 1;
	classes = {
	};
	objectVersion = 46;
	objects = {

/* Begin PBXBuildFile section */
		B967BEBA134093FF009030E5 /* Config.m in Sources */ = {isa = PBXBuildFile; fileRef = B967BEB9134093FF009030E5 /* Config.m */; };
		B98599A5133D12670082E01F /* UIKit.framework in Frameworks */ = {isa = PBXBuildFile; fileRef = B98599A4133D12670082E01F /* UIKit.framework */; };
		B98599A7133D12670082E01F /* Foundation.framework in Frameworks */ = {isa = PBXBuildFile; fileRef = B98599A6133D12670082E01F /* Foundation.framework */; };
		B98599A9133D12670082E01F /* CoreGraphics.framework in Frameworks */ = {isa = PBXBuildFile; fileRef = B98599A8133D12670082E01F /* CoreGraphics.framework */; };
		B98599AF133D12670082E01F /* InfoPlist.strings in Resources */ = {isa = PBXBuildFile; fileRef = B98599AD133D12670082E01F /* InfoPlist.strings */; };
		B98599B2133D12670082E01F /* main.m in Sources */ = {isa = PBXBuildFile; fileRef = B98599B1133D12670082E01F /* main.m */; };
		B98599B5133D12670082E01F /* BrowserAppDelegate.m in Sources */ = {isa = PBXBuildFile; fileRef = B98599B4133D12670082E01F /* BrowserAppDelegate.m */; };
		B98599B8133D12670082E01F /* MainWindow.xib in Resources */ = {isa = PBXBuildFile; fileRef = B98599B6133D12670082E01F /* MainWindow.xib */; };
		B98599BB133D12670082E01F /* RootViewController.m in Sources */ = {isa = PBXBuildFile; fileRef = B98599BA133D12670082E01F /* RootViewController.m */; };
		B98599BE133D12670082E01F /* RootViewController.xib in Resources */ = {isa = PBXBuildFile; fileRef = B98599BC133D12670082E01F /* RootViewController.xib */; };
		B98599D0133D14090082E01F /* WebbrowserViewController.m in Sources */ = {isa = PBXBuildFile; fileRef = B98599CE133D14090082E01F /* WebbrowserViewController.m */; };
		B98599D1133D14090082E01F /* WebbrowserViewController.xib in Resources */ = {isa = PBXBuildFile; fileRef = B98599CF133D14090082E01F /* WebbrowserViewController.xib */; };
		B988004E134657D1003E2224 /* testpic.jpg in Resources */ = {isa = PBXBuildFile; fileRef = B988004D134657D1003E2224 /* testpic.jpg */; };
		B98DB0F81344802000DAE0C4 /* Importer.m in Sources */ = {isa = PBXBuildFile; fileRef = B98DB0F71344802000DAE0C4 /* Importer.m */; };
		B998B8AE134C65BE003C2C7B /* UIKit.framework in Frameworks */ = {isa = PBXBuildFile; fileRef = B98599A4133D12670082E01F /* UIKit.framework */; };
		B998B8AF134C65BE003C2C7B /* Foundation.framework in Frameworks */ = {isa = PBXBuildFile; fileRef = B98599A6133D12670082E01F /* Foundation.framework */; };
		B998B8B0134C65BE003C2C7B /* CoreGraphics.framework in Frameworks */ = {isa = PBXBuildFile; fileRef = B98599A8133D12670082E01F /* CoreGraphics.framework */; };
		B998B8B6134C65BE003C2C7B /* InfoPlist.strings in Resources */ = {isa = PBXBuildFile; fileRef = B998B8B4134C65BE003C2C7B /* InfoPlist.strings */; };
		B998B8B9134C65BF003C2C7B /* main.m in Sources */ = {isa = PBXBuildFile; fileRef = B998B8B8134C65BF003C2C7B /* main.m */; };
		B998B8BC134C65BF003C2C7B /* TestsAppDelegate.m in Sources */ = {isa = PBXBuildFile; fileRef = B998B8BB134C65BF003C2C7B /* TestsAppDelegate.m */; };
		B998B8C0134C65BF003C2C7B /* TestsAppDelegate_iPhone.m in Sources */ = {isa = PBXBuildFile; fileRef = B998B8BF134C65BF003C2C7B /* TestsAppDelegate_iPhone.m */; };
		B998B8C3134C65BF003C2C7B /* MainWindow_iPhone.xib in Resources */ = {isa = PBXBuildFile; fileRef = B998B8C1134C65BF003C2C7B /* MainWindow_iPhone.xib */; };
		B998B8C7134C65BF003C2C7B /* TestsAppDelegate_iPad.m in Sources */ = {isa = PBXBuildFile; fileRef = B998B8C6134C65BF003C2C7B /* TestsAppDelegate_iPad.m */; };
		B998B8CA134C65BF003C2C7B /* MainWindow_iPad.xib in Resources */ = {isa = PBXBuildFile; fileRef = B998B8C8134C65BF003C2C7B /* MainWindow_iPad.xib */; };
		B9D49ACF1340E47C001AB2FB /* CoreData.framework in Frameworks */ = {isa = PBXBuildFile; fileRef = B9D49ACE1340E47C001AB2FB /* CoreData.framework */; };
		B9D49ADA1340F320001AB2FB /* InfoPlist.strings in Resources */ = {isa = PBXBuildFile; fileRef = B9D49AD21340F320001AB2FB /* InfoPlist.strings */; };
		B9D49ADB1340F320001AB2FB /* MainWindow.xib in Resources */ = {isa = PBXBuildFile; fileRef = B9D49AD41340F320001AB2FB /* MainWindow.xib */; };
		B9D49ADC1340F320001AB2FB /* RootViewController.xib in Resources */ = {isa = PBXBuildFile; fileRef = B9D49AD61340F320001AB2FB /* RootViewController.xib */; };
		B9D49ADD1340F320001AB2FB /* xml-example.xml in Resources */ = {isa = PBXBuildFile; fileRef = B9D49AD81340F320001AB2FB /* xml-example.xml */; };
		B9D65D33134206E50017AA76 /* Action.m in Sources */ = {isa = PBXBuildFile; fileRef = B9D65D2A134206E50017AA76 /* Action.m */; };
		B9D65D34134206E50017AA76 /* LocalPicture.m in Sources */ = {isa = PBXBuildFile; fileRef = B9D65D2C134206E50017AA76 /* LocalPicture.m */; };
		B9D65D35134206E50017AA76 /* Param.m in Sources */ = {isa = PBXBuildFile; fileRef = B9D65D2E134206E50017AA76 /* Param.m */; };
		B9D65D36134206E50017AA76 /* Presentation.m in Sources */ = {isa = PBXBuildFile; fileRef = B9D65D30134206E50017AA76 /* Presentation.m */; };
		B9D65D37134206E50017AA76 /* Sequence.m in Sources */ = {isa = PBXBuildFile; fileRef = B9D65D32134206E50017AA76 /* Sequence.m */; };
		B9D65D43134209830017AA76 /* ERD.xcdatamodeld in Sources */ = {isa = PBXBuildFile; fileRef = B9D65D41134209830017AA76 /* ERD.xcdatamodeld */; };
/* End PBXBuildFile section */

/* Begin PBXCopyFilesBuildPhase section */
		B9D49ACD1340E45F001AB2FB /* CopyFiles */ = {
			isa = PBXCopyFilesBuildPhase;
			buildActionMask = 2147483647;
			dstPath = "";
			dstSubfolderSpec = 7;
			files = (
			);
			runOnlyForDeploymentPostprocessing = 0;
		};
/* End PBXCopyFilesBuildPhase section */

/* Begin PBXFileReference section */
		B967BEB8134093FE009030E5 /* Config.h */ = {isa = PBXFileReference; fileEncoding = 4; lastKnownFileType = sourcecode.c.h; path = Config.h; sourceTree = "<group>"; };
		B967BEB9134093FF009030E5 /* Config.m */ = {isa = PBXFileReference; fileEncoding = 4; lastKnownFileType = sourcecode.c.objc; path = Config.m; sourceTree = "<group>"; };
		B98599A0133D12670082E01F /* Browser.app */ = {isa = PBXFileReference; explicitFileType = wrapper.application; includeInIndex = 0; path = Browser.app; sourceTree = BUILT_PRODUCTS_DIR; };
		B98599A4133D12670082E01F /* UIKit.framework */ = {isa = PBXFileReference; lastKnownFileType = wrapper.framework; name = UIKit.framework; path = System/Library/Frameworks/UIKit.framework; sourceTree = SDKROOT; };
		B98599A6133D12670082E01F /* Foundation.framework */ = {isa = PBXFileReference; lastKnownFileType = wrapper.framework; name = Foundation.framework; path = System/Library/Frameworks/Foundation.framework; sourceTree = SDKROOT; };
		B98599A8133D12670082E01F /* CoreGraphics.framework */ = {isa = PBXFileReference; lastKnownFileType = wrapper.framework; name = CoreGraphics.framework; path = System/Library/Frameworks/CoreGraphics.framework; sourceTree = SDKROOT; };
		B98599AC133D12670082E01F /* Browser-Info.plist */ = {isa = PBXFileReference; lastKnownFileType = text.plist.xml; path = "Browser-Info.plist"; sourceTree = "<group>"; };
		B98599AE133D12670082E01F /* en */ = {isa = PBXFileReference; lastKnownFileType = text.plist.strings; name = en; path = en.lproj/InfoPlist.strings; sourceTree = "<group>"; };
		B98599B0133D12670082E01F /* Browser-Prefix.pch */ = {isa = PBXFileReference; lastKnownFileType = sourcecode.c.h; path = "Browser-Prefix.pch"; sourceTree = "<group>"; };
		B98599B1133D12670082E01F /* main.m */ = {isa = PBXFileReference; lastKnownFileType = sourcecode.c.objc; path = main.m; sourceTree = "<group>"; };
		B98599B3133D12670082E01F /* BrowserAppDelegate.h */ = {isa = PBXFileReference; lastKnownFileType = sourcecode.c.h; path = BrowserAppDelegate.h; sourceTree = "<group>"; };
		B98599B4133D12670082E01F /* BrowserAppDelegate.m */ = {isa = PBXFileReference; lastKnownFileType = sourcecode.c.objc; path = BrowserAppDelegate.m; sourceTree = "<group>"; };
		B98599B7133D12670082E01F /* en */ = {isa = PBXFileReference; lastKnownFileType = file.xib; name = en; path = en.lproj/MainWindow.xib; sourceTree = "<group>"; };
		B98599B9133D12670082E01F /* RootViewController.h */ = {isa = PBXFileReference; lastKnownFileType = sourcecode.c.h; path = RootViewController.h; sourceTree = "<group>"; };
		B98599BA133D12670082E01F /* RootViewController.m */ = {isa = PBXFileReference; lastKnownFileType = sourcecode.c.objc; path = RootViewController.m; sourceTree = "<group>"; };
		B98599BD133D12670082E01F /* en */ = {isa = PBXFileReference; lastKnownFileType = file.xib; name = en; path = en.lproj/RootViewController.xib; sourceTree = "<group>"; };
		B98599CD133D14090082E01F /* WebbrowserViewController.h */ = {isa = PBXFileReference; fileEncoding = 4; lastKnownFileType = sourcecode.c.h; path = WebbrowserViewController.h; sourceTree = "<group>"; };
		B98599CE133D14090082E01F /* WebbrowserViewController.m */ = {isa = PBXFileReference; fileEncoding = 4; lastKnownFileType = sourcecode.c.objc; path = WebbrowserViewController.m; sourceTree = "<group>"; };
		B98599CF133D14090082E01F /* WebbrowserViewController.xib */ = {isa = PBXFileReference; fileEncoding = 4; lastKnownFileType = file.xib; path = WebbrowserViewController.xib; sourceTree = "<group>"; };
		B988004D134657D1003E2224 /* testpic.jpg */ = {isa = PBXFileReference; lastKnownFileType = image.jpeg; path = testpic.jpg; sourceTree = "<group>"; };
		B98DB0F61344802000DAE0C4 /* Importer.h */ = {isa = PBXFileReference; fileEncoding = 4; lastKnownFileType = sourcecode.c.h; name = Importer.h; path = ../Importer.h; sourceTree = "<group>"; };
		B98DB0F71344802000DAE0C4 /* Importer.m */ = {isa = PBXFileReference; fileEncoding = 4; lastKnownFileType = sourcecode.c.objc; name = Importer.m; path = ../Importer.m; sourceTree = "<group>"; };
		B998B8AC134C65BE003C2C7B /* Tests.app */ = {isa = PBXFileReference; explicitFileType = wrapper.application; includeInIndex = 0; path = Tests.app; sourceTree = BUILT_PRODUCTS_DIR; };
		B998B8B3134C65BE003C2C7B /* Tests-Info.plist */ = {isa = PBXFileReference; lastKnownFileType = text.plist.xml; path = "Tests-Info.plist"; sourceTree = "<group>"; };
		B998B8B5134C65BE003C2C7B /* en */ = {isa = PBXFileReference; lastKnownFileType = text.plist.strings; name = en; path = en.lproj/InfoPlist.strings; sourceTree = "<group>"; };
		B998B8B7134C65BF003C2C7B /* Tests-Prefix.pch */ = {isa = PBXFileReference; lastKnownFileType = sourcecode.c.h; path = "Tests-Prefix.pch"; sourceTree = "<group>"; };
		B998B8B8134C65BF003C2C7B /* main.m */ = {isa = PBXFileReference; lastKnownFileType = sourcecode.c.objc; path = main.m; sourceTree = "<group>"; };
		B998B8BA134C65BF003C2C7B /* TestsAppDelegate.h */ = {isa = PBXFileReference; lastKnownFileType = sourcecode.c.h; path = TestsAppDelegate.h; sourceTree = "<group>"; };
		B998B8BB134C65BF003C2C7B /* TestsAppDelegate.m */ = {isa = PBXFileReference; lastKnownFileType = sourcecode.c.objc; path = TestsAppDelegate.m; sourceTree = "<group>"; };
		B998B8BE134C65BF003C2C7B /* TestsAppDelegate_iPhone.h */ = {isa = PBXFileReference; lastKnownFileType = sourcecode.c.h; name = TestsAppDelegate_iPhone.h; path = iPhone/TestsAppDelegate_iPhone.h; sourceTree = "<group>"; };
		B998B8BF134C65BF003C2C7B /* TestsAppDelegate_iPhone.m */ = {isa = PBXFileReference; lastKnownFileType = sourcecode.c.objc; name = TestsAppDelegate_iPhone.m; path = iPhone/TestsAppDelegate_iPhone.m; sourceTree = "<group>"; };
		B998B8C2134C65BF003C2C7B /* en */ = {isa = PBXFileReference; lastKnownFileType = file.xib; name = en; path = iPhone/en.lproj/MainWindow_iPhone.xib; sourceTree = "<group>"; };
		B998B8C5134C65BF003C2C7B /* TestsAppDelegate_iPad.h */ = {isa = PBXFileReference; lastKnownFileType = sourcecode.c.h; name = TestsAppDelegate_iPad.h; path = iPad/TestsAppDelegate_iPad.h; sourceTree = "<group>"; };
		B998B8C6134C65BF003C2C7B /* TestsAppDelegate_iPad.m */ = {isa = PBXFileReference; lastKnownFileType = sourcecode.c.objc; name = TestsAppDelegate_iPad.m; path = iPad/TestsAppDelegate_iPad.m; sourceTree = "<group>"; };
		B998B8C9134C65BF003C2C7B /* en */ = {isa = PBXFileReference; lastKnownFileType = file.xib; name = en; path = iPad/en.lproj/MainWindow_iPad.xib; sourceTree = "<group>"; };
		B9D49ACE1340E47C001AB2FB /* CoreData.framework */ = {isa = PBXFileReference; lastKnownFileType = wrapper.framework; name = CoreData.framework; path = System/Library/Frameworks/CoreData.framework; sourceTree = SDKROOT; };
		B9D49AD31340F320001AB2FB /* en */ = {isa = PBXFileReference; lastKnownFileType = text.plist.strings; name = en; path = InfoPlist.strings; sourceTree = "<group>"; };
		B9D49AD51340F320001AB2FB /* en */ = {isa = PBXFileReference; lastKnownFileType = file.xib; name = en; path = MainWindow.xib; sourceTree = "<group>"; };
		B9D49AD71340F320001AB2FB /* en */ = {isa = PBXFileReference; lastKnownFileType = file.xib; name = en; path = RootViewController.xib; sourceTree = "<group>"; };
		B9D49AD81340F320001AB2FB /* xml-example.xml */ = {isa = PBXFileReference; fileEncoding = 4; lastKnownFileType = text.xml; name = "xml-example.xml"; path = "Browser/xml-example.xml"; sourceTree = "<group>"; };
		B9D65D29134206E50017AA76 /* Action.h */ = {isa = PBXFileReference; fileEncoding = 4; lastKnownFileType = sourcecode.c.h; path = Action.h; sourceTree = "<group>"; };
		B9D65D2A134206E50017AA76 /* Action.m */ = {isa = PBXFileReference; fileEncoding = 4; lastKnownFileType = sourcecode.c.objc; path = Action.m; sourceTree = "<group>"; };
		B9D65D2B134206E50017AA76 /* LocalPicture.h */ = {isa = PBXFileReference; fileEncoding = 4; lastKnownFileType = sourcecode.c.h; path = LocalPicture.h; sourceTree = "<group>"; };
		B9D65D2C134206E50017AA76 /* LocalPicture.m */ = {isa = PBXFileReference; fileEncoding = 4; lastKnownFileType = sourcecode.c.objc; path = LocalPicture.m; sourceTree = "<group>"; };
		B9D65D2D134206E50017AA76 /* Param.h */ = {isa = PBXFileReference; fileEncoding = 4; lastKnownFileType = sourcecode.c.h; path = Param.h; sourceTree = "<group>"; };
		B9D65D2E134206E50017AA76 /* Param.m */ = {isa = PBXFileReference; fileEncoding = 4; lastKnownFileType = sourcecode.c.objc; path = Param.m; sourceTree = "<group>"; };
		B9D65D2F134206E50017AA76 /* Presentation.h */ = {isa = PBXFileReference; fileEncoding = 4; lastKnownFileType = sourcecode.c.h; path = Presentation.h; sourceTree = "<group>"; };
		B9D65D30134206E50017AA76 /* Presentation.m */ = {isa = PBXFileReference; fileEncoding = 4; lastKnownFileType = sourcecode.c.objc; path = Presentation.m; sourceTree = "<group>"; };
		B9D65D31134206E50017AA76 /* Sequence.h */ = {isa = PBXFileReference; fileEncoding = 4; lastKnownFileType = sourcecode.c.h; path = Sequence.h; sourceTree = "<group>"; };
		B9D65D32134206E50017AA76 /* Sequence.m */ = {isa = PBXFileReference; fileEncoding = 4; lastKnownFileType = sourcecode.c.objc; path = Sequence.m; sourceTree = "<group>"; };
		B9D65D42134209830017AA76 /* ERD.xcdatamodel */ = {isa = PBXFileReference; lastKnownFileType = wrapper.xcdatamodel; path = ERD.xcdatamodel; sourceTree = "<group>"; };
/* End PBXFileReference section */

/* Begin PBXFrameworksBuildPhase section */
		B985999D133D12670082E01F /* Frameworks */ = {
			isa = PBXFrameworksBuildPhase;
			buildActionMask = 2147483647;
			files = (
				B98599A5133D12670082E01F /* UIKit.framework in Frameworks */,
				B98599A7133D12670082E01F /* Foundation.framework in Frameworks */,
				B98599A9133D12670082E01F /* CoreGraphics.framework in Frameworks */,
				B9D49ACF1340E47C001AB2FB /* CoreData.framework in Frameworks */,
			);
			runOnlyForDeploymentPostprocessing = 0;
		};
		B998B8A9134C65BE003C2C7B /* Frameworks */ = {
			isa = PBXFrameworksBuildPhase;
			buildActionMask = 2147483647;
			files = (
				B998B8AE134C65BE003C2C7B /* UIKit.framework in Frameworks */,
				B998B8AF134C65BE003C2C7B /* Foundation.framework in Frameworks */,
				B998B8B0134C65BE003C2C7B /* CoreGraphics.framework in Frameworks */,
			);
			runOnlyForDeploymentPostprocessing = 0;
		};
/* End PBXFrameworksBuildPhase section */

/* Begin PBXGroup section */
		B9859995133D12670082E01F = {
			isa = PBXGroup;
			children = (
				B9D65D41134209830017AA76 /* ERD.xcdatamodeld */,
				B988004D134657D1003E2224 /* testpic.jpg */,
				B9D65D28134206E50017AA76 /* coredata */,
				B9D49AD11340F320001AB2FB /* en.lproj */,
				B9D49AD81340F320001AB2FB /* xml-example.xml */,
				B98599AA133D12670082E01F /* Browser */,
				B998B8B1134C65BE003C2C7B /* Tests */,
				B98599A3133D12670082E01F /* Frameworks */,
				B98599A1133D12670082E01F /* Products */,
			);
			sourceTree = "<group>";
		};
		B98599A1133D12670082E01F /* Products */ = {
			isa = PBXGroup;
			children = (
				B98599A0133D12670082E01F /* Browser.app */,
				B998B8AC134C65BE003C2C7B /* Tests.app */,
			);
			name = Products;
			sourceTree = "<group>";
		};
		B98599A3133D12670082E01F /* Frameworks */ = {
			isa = PBXGroup;
			children = (
				B9D49ACE1340E47C001AB2FB /* CoreData.framework */,
				B98599A4133D12670082E01F /* UIKit.framework */,
				B98599A6133D12670082E01F /* Foundation.framework */,
				B98599A8133D12670082E01F /* CoreGraphics.framework */,
			);
			name = Frameworks;
			sourceTree = "<group>";
		};
		B98599AA133D12670082E01F /* Browser */ = {
			isa = PBXGroup;
			children = (
				B98DB0F91344807600DAE0C4 /* xml_Import */,
				B98599CD133D14090082E01F /* WebbrowserViewController.h */,
				B98599CE133D14090082E01F /* WebbrowserViewController.m */,
				B98599CF133D14090082E01F /* WebbrowserViewController.xib */,
				B98599B3133D12670082E01F /* BrowserAppDelegate.h */,
				B98599B4133D12670082E01F /* BrowserAppDelegate.m */,
				B98599B6133D12670082E01F /* MainWindow.xib */,
				B98599B9133D12670082E01F /* RootViewController.h */,
				B98599BA133D12670082E01F /* RootViewController.m */,
				B98599BC133D12670082E01F /* RootViewController.xib */,
				B98599AB133D12670082E01F /* Supporting Files */,
			);
			path = Browser;
			sourceTree = "<group>";
		};
		B98599AB133D12670082E01F /* Supporting Files */ = {
			isa = PBXGroup;
			children = (
				B98599AC133D12670082E01F /* Browser-Info.plist */,
				B98599AD133D12670082E01F /* InfoPlist.strings */,
				B98599B0133D12670082E01F /* Browser-Prefix.pch */,
				B98599B1133D12670082E01F /* main.m */,
			);
			name = "Supporting Files";
			sourceTree = "<group>";
		};
		B98DB0F91344807600DAE0C4 /* xml_Import */ = {
			isa = PBXGroup;
			children = (
				B967BEB8134093FE009030E5 /* Config.h */,
				B967BEB9134093FF009030E5 /* Config.m */,
				B98DB0F61344802000DAE0C4 /* Importer.h */,
				B98DB0F71344802000DAE0C4 /* Importer.m */,
			);
			name = xml_Import;
			sourceTree = "<group>";
		};
		B998B8B1134C65BE003C2C7B /* Tests */ = {
			isa = PBXGroup;
			children = (
				B998B8BA134C65BF003C2C7B /* TestsAppDelegate.h */,
				B998B8BB134C65BF003C2C7B /* TestsAppDelegate.m */,
				B998B8BD134C65BF003C2C7B /* iPhone */,
				B998B8C4134C65BF003C2C7B /* iPad */,
				B998B8B2134C65BE003C2C7B /* Supporting Files */,
			);
			path = Tests;
			sourceTree = "<group>";
		};
		B998B8B2134C65BE003C2C7B /* Supporting Files */ = {
			isa = PBXGroup;
			children = (
				B998B8B3134C65BE003C2C7B /* Tests-Info.plist */,
				B998B8B4134C65BE003C2C7B /* InfoPlist.strings */,
				B998B8B7134C65BF003C2C7B /* Tests-Prefix.pch */,
				B998B8B8134C65BF003C2C7B /* main.m */,
			);
			name = "Supporting Files";
			sourceTree = "<group>";
		};
		B998B8BD134C65BF003C2C7B /* iPhone */ = {
			isa = PBXGroup;
			children = (
				B998B8BE134C65BF003C2C7B /* TestsAppDelegate_iPhone.h */,
				B998B8BF134C65BF003C2C7B /* TestsAppDelegate_iPhone.m */,
				B998B8C1134C65BF003C2C7B /* MainWindow_iPhone.xib */,
			);
			name = iPhone;
			sourceTree = "<group>";
		};
		B998B8C4134C65BF003C2C7B /* iPad */ = {
			isa = PBXGroup;
			children = (
				B998B8C5134C65BF003C2C7B /* TestsAppDelegate_iPad.h */,
				B998B8C6134C65BF003C2C7B /* TestsAppDelegate_iPad.m */,
				B998B8C8134C65BF003C2C7B /* MainWindow_iPad.xib */,
			);
			name = iPad;
			sourceTree = "<group>";
		};
		B9D49AD11340F320001AB2FB /* en.lproj */ = {
			isa = PBXGroup;
			children = (
				B9D49AD21340F320001AB2FB /* InfoPlist.strings */,
				B9D49AD41340F320001AB2FB /* MainWindow.xib */,
				B9D49AD61340F320001AB2FB /* RootViewController.xib */,
			);
			name = en.lproj;
			path = Browser/en.lproj;
			sourceTree = "<group>";
		};
		B9D65D28134206E50017AA76 /* coredata */ = {
			isa = PBXGroup;
			children = (
				B9D65D29134206E50017AA76 /* Action.h */,
				B9D65D2A134206E50017AA76 /* Action.m */,
				B9D65D2B134206E50017AA76 /* LocalPicture.h */,
				B9D65D2C134206E50017AA76 /* LocalPicture.m */,
				B9D65D2D134206E50017AA76 /* Param.h */,
				B9D65D2E134206E50017AA76 /* Param.m */,
				B9D65D2F134206E50017AA76 /* Presentation.h */,
				B9D65D30134206E50017AA76 /* Presentation.m */,
				B9D65D31134206E50017AA76 /* Sequence.h */,
				B9D65D32134206E50017AA76 /* Sequence.m */,
			);
			name = coredata;
			path = Browser/coredata;
			sourceTree = "<group>";
		};
/* End PBXGroup section */

/* Begin PBXNativeTarget section */
		B985999F133D12670082E01F /* Browser */ = {
			isa = PBXNativeTarget;
			buildConfigurationList = B98599C1133D12670082E01F /* Build configuration list for PBXNativeTarget "Browser" */;
			buildPhases = (
				B985999C133D12670082E01F /* Sources */,
				B985999D133D12670082E01F /* Frameworks */,
				B985999E133D12670082E01F /* Resources */,
				B9D49ACD1340E45F001AB2FB /* CopyFiles */,
			);
			buildRules = (
			);
			dependencies = (
			);
			name = Browser;
			productName = Browser;
			productReference = B98599A0133D12670082E01F /* Browser.app */;
			productType = "com.apple.product-type.application";
		};
		B998B8AB134C65BE003C2C7B /* Tests */ = {
			isa = PBXNativeTarget;
			buildConfigurationList = B998B8CD134C65BF003C2C7B /* Build configuration list for PBXNativeTarget "Tests" */;
			buildPhases = (
				B998B8A8134C65BE003C2C7B /* Sources */,
				B998B8A9134C65BE003C2C7B /* Frameworks */,
				B998B8AA134C65BE003C2C7B /* Resources */,
			);
			buildRules = (
			);
			dependencies = (
			);
			name = Tests;
			productName = Tests;
			productReference = B998B8AC134C65BE003C2C7B /* Tests.app */;
			productType = "com.apple.product-type.application";
		};
/* End PBXNativeTarget section */

/* Begin PBXProject section */
		B9859997133D12670082E01F /* Project object */ = {
			isa = PBXProject;
			buildConfigurationList = B985999A133D12670082E01F /* Build configuration list for PBXProject "Browser" */;
			compatibilityVersion = "Xcode 3.2";
			developmentRegion = English;
			hasScannedForEncodings = 0;
			knownRegions = (
				en,
			);
			mainGroup = B9859995133D12670082E01F;
			productRefGroup = B98599A1133D12670082E01F /* Products */;
			projectDirPath = "";
			projectRoot = "";
			targets = (
				B985999F133D12670082E01F /* Browser */,
				B998B8AB134C65BE003C2C7B /* Tests */,
			);
		};
/* End PBXProject section */

/* Begin PBXResourcesBuildPhase section */
		B985999E133D12670082E01F /* Resources */ = {
			isa = PBXResourcesBuildPhase;
			buildActionMask = 2147483647;
			files = (
				B98599AF133D12670082E01F /* InfoPlist.strings in Resources */,
				B98599B8133D12670082E01F /* MainWindow.xib in Resources */,
				B98599BE133D12670082E01F /* RootViewController.xib in Resources */,
				B98599D1133D14090082E01F /* WebbrowserViewController.xib in Resources */,
				B9D49ADA1340F320001AB2FB /* InfoPlist.strings in Resources */,
				B9D49ADB1340F320001AB2FB /* MainWindow.xib in Resources */,
				B9D49ADC1340F320001AB2FB /* RootViewController.xib in Resources */,
				B9D49ADD1340F320001AB2FB /* xml-example.xml in Resources */,
				B988004E134657D1003E2224 /* testpic.jpg in Resources */,
			);
			runOnlyForDeploymentPostprocessing = 0;
		};
		B998B8AA134C65BE003C2C7B /* Resources */ = {
			isa = PBXResourcesBuildPhase;
			buildActionMask = 2147483647;
			files = (
				B998B8B6134C65BE003C2C7B /* InfoPlist.strings in Resources */,
				B998B8C3134C65BF003C2C7B /* MainWindow_iPhone.xib in Resources */,
				B998B8CA134C65BF003C2C7B /* MainWindow_iPad.xib in Resources */,
			);
			runOnlyForDeploymentPostprocessing = 0;
		};
/* End PBXResourcesBuildPhase section */

/* Begin PBXSourcesBuildPhase section */
		B985999C133D12670082E01F /* Sources */ = {
			isa = PBXSourcesBuildPhase;
			buildActionMask = 2147483647;
			files = (
				B98599B2133D12670082E01F /* main.m in Sources */,
				B98599B5133D12670082E01F /* BrowserAppDelegate.m in Sources */,
				B98599BB133D12670082E01F /* RootViewController.m in Sources */,
				B98599D0133D14090082E01F /* WebbrowserViewController.m in Sources */,
				B967BEBA134093FF009030E5 /* Config.m in Sources */,
				B9D65D33134206E50017AA76 /* Action.m in Sources */,
				B9D65D34134206E50017AA76 /* LocalPicture.m in Sources */,
				B9D65D35134206E50017AA76 /* Param.m in Sources */,
				B9D65D36134206E50017AA76 /* Presentation.m in Sources */,
				B9D65D37134206E50017AA76 /* Sequence.m in Sources */,
				B9D65D43134209830017AA76 /* ERD.xcdatamodeld in Sources */,
				B98DB0F81344802000DAE0C4 /* Importer.m in Sources */,
			);
			runOnlyForDeploymentPostprocessing = 0;
		};
		B998B8A8134C65BE003C2C7B /* Sources */ = {
			isa = PBXSourcesBuildPhase;
			buildActionMask = 2147483647;
			files = (
				B998B8B9134C65BF003C2C7B /* main.m in Sources */,
				B998B8BC134C65BF003C2C7B /* TestsAppDelegate.m in Sources */,
				B998B8C0134C65BF003C2C7B /* TestsAppDelegate_iPhone.m in Sources */,
				B998B8C7134C65BF003C2C7B /* TestsAppDelegate_iPad.m in Sources */,
			);
			runOnlyForDeploymentPostprocessing = 0;
		};
/* End PBXSourcesBuildPhase section */

/* Begin PBXVariantGroup section */
		B98599AD133D12670082E01F /* InfoPlist.strings */ = {
			isa = PBXVariantGroup;
			children = (
				B98599AE133D12670082E01F /* en */,
			);
			name = InfoPlist.strings;
			sourceTree = "<group>";
		};
		B98599B6133D12670082E01F /* MainWindow.xib */ = {
			isa = PBXVariantGroup;
			children = (
				B98599B7133D12670082E01F /* en */,
			);
			name = MainWindow.xib;
			sourceTree = "<group>";
		};
		B98599BC133D12670082E01F /* RootViewController.xib */ = {
			isa = PBXVariantGroup;
			children = (
				B98599BD133D12670082E01F /* en */,
			);
			name = RootViewController.xib;
			sourceTree = "<group>";
		};
		B998B8B4134C65BE003C2C7B /* InfoPlist.strings */ = {
			isa = PBXVariantGroup;
			children = (
				B998B8B5134C65BE003C2C7B /* en */,
			);
			name = InfoPlist.strings;
			sourceTree = "<group>";
		};
		B998B8C1134C65BF003C2C7B /* MainWindow_iPhone.xib */ = {
			isa = PBXVariantGroup;
			children = (
				B998B8C2134C65BF003C2C7B /* en */,
			);
			name = MainWindow_iPhone.xib;
			sourceTree = "<group>";
		};
		B998B8C8134C65BF003C2C7B /* MainWindow_iPad.xib */ = {
			isa = PBXVariantGroup;
			children = (
				B998B8C9134C65BF003C2C7B /* en */,
			);
			name = MainWindow_iPad.xib;
			sourceTree = "<group>";
		};
		B9D49AD21340F320001AB2FB /* InfoPlist.strings */ = {
			isa = PBXVariantGroup;
			children = (
				B9D49AD31340F320001AB2FB /* en */,
			);
			name = InfoPlist.strings;
			sourceTree = "<group>";
		};
		B9D49AD41340F320001AB2FB /* MainWindow.xib */ = {
			isa = PBXVariantGroup;
			children = (
				B9D49AD51340F320001AB2FB /* en */,
			);
			name = MainWindow.xib;
			sourceTree = "<group>";
		};
		B9D49AD61340F320001AB2FB /* RootViewController.xib */ = {
			isa = PBXVariantGroup;
			children = (
				B9D49AD71340F320001AB2FB /* en */,
			);
			name = RootViewController.xib;
			sourceTree = "<group>";
		};
/* End PBXVariantGroup section */

/* Begin XCBuildConfiguration section */
		B98599BF133D12670082E01F /* Debug */ = {
			isa = XCBuildConfiguration;
			buildSettings = {
				ARCHS = "$(ARCHS_STANDARD_32_BIT)";
				"CODE_SIGN_IDENTITY[sdk=iphoneos*]" = "iPhone Developer";
				GCC_C_LANGUAGE_STANDARD = gnu99;
				GCC_OPTIMIZATION_LEVEL = 0;
				GCC_PREPROCESSOR_DEFINITIONS = DEBUG;
				GCC_SYMBOLS_PRIVATE_EXTERN = NO;
				GCC_VERSION = com.apple.compilers.llvmgcc42;
				GCC_WARN_ABOUT_RETURN_TYPE = YES;
				GCC_WARN_UNUSED_VARIABLE = YES;
				IPHONEOS_DEPLOYMENT_TARGET = 4.2;
				SDKROOT = iphoneos;
			};
			name = Debug;
		};
		B98599C0133D12670082E01F /* Release */ = {
			isa = XCBuildConfiguration;
			buildSettings = {
				ARCHS = "$(ARCHS_STANDARD_32_BIT)";
				CODE_SIGN_IDENTITY = "iPhone Developer";
				"CODE_SIGN_IDENTITY[sdk=iphoneos*]" = "iPhone Developer";
				GCC_C_LANGUAGE_STANDARD = gnu99;
				GCC_VERSION = com.apple.compilers.llvmgcc42;
				GCC_WARN_ABOUT_RETURN_TYPE = YES;
				GCC_WARN_UNUSED_VARIABLE = YES;
				IPHONEOS_DEPLOYMENT_TARGET = 4.2;
				OTHER_CFLAGS = "-DNS_BLOCK_ASSERTIONS=1";
				PROVISIONING_PROFILE = "";
				SDKROOT = iphoneos;
			};
			name = Release;
		};
		B98599C2133D12670082E01F /* Debug */ = {
			isa = XCBuildConfiguration;
			buildSettings = {
				ALWAYS_SEARCH_USER_PATHS = NO;
				"CODE_SIGN_IDENTITY[sdk=iphoneos*]" = "iPhone Developer";
				COPY_PHASE_STRIP = NO;
				GCC_DYNAMIC_NO_PIC = NO;
				GCC_PRECOMPILE_PREFIX_HEADER = YES;
				GCC_PREFIX_HEADER = "Browser/Browser-Prefix.pch";
				INFOPLIST_FILE = "Browser/Browser-Info.plist";
				IPHONEOS_DEPLOYMENT_TARGET = 4.2;
				PRODUCT_NAME = "$(TARGET_NAME)";
				"PROVISIONING_PROFILE[sdk=iphoneos*]" = "";
				WRAPPER_EXTENSION = app;
			};
			name = Debug;
		};
		B98599C3133D12670082E01F /* Release */ = {
			isa = XCBuildConfiguration;
			buildSettings = {
				ALWAYS_SEARCH_USER_PATHS = NO;
				COPY_PHASE_STRIP = YES;
				GCC_PRECOMPILE_PREFIX_HEADER = YES;
				GCC_PREFIX_HEADER = "Browser/Browser-Prefix.pch";
				INFOPLIST_FILE = "Browser/Browser-Info.plist";
				IPHONEOS_DEPLOYMENT_TARGET = 4.2;
				PRODUCT_NAME = "$(TARGET_NAME)";
				VALIDATE_PRODUCT = YES;
				WRAPPER_EXTENSION = app;
			};
			name = Release;
		};
		B998B8CB134C65BF003C2C7B /* Debug */ = {
			isa = XCBuildConfiguration;
			buildSettings = {
				ALWAYS_SEARCH_USER_PATHS = NO;
				"CODE_SIGN_IDENTITY[sdk=iphoneos*]" = "iPhone Developer";
				COPY_PHASE_STRIP = NO;
				GCC_DYNAMIC_NO_PIC = NO;
				GCC_PRECOMPILE_PREFIX_HEADER = YES;
				GCC_PREFIX_HEADER = "Tests/Tests-Prefix.pch";
				INFOPLIST_FILE = "Tests/Tests-Info.plist";
				IPHONEOS_DEPLOYMENT_TARGET = 4.3;
				PRODUCT_NAME = "$(TARGET_NAME)";
				TARGETED_DEVICE_FAMILY = "1,2";
				WRAPPER_EXTENSION = app;
			};
			name = Debug;
		};
		B998B8CC134C65BF003C2C7B /* Release */ = {
			isa = XCBuildConfiguration;
			buildSettings = {
				ALWAYS_SEARCH_USER_PATHS = NO;
				"CODE_SIGN_IDENTITY[sdk=iphoneos*]" = "iPhone Developer";
				COPY_PHASE_STRIP = YES;
				GCC_PRECOMPILE_PREFIX_HEADER = YES;
				GCC_PREFIX_HEADER = "Tests/Tests-Prefix.pch";
				INFOPLIST_FILE = "Tests/Tests-Info.plist";
				IPHONEOS_DEPLOYMENT_TARGET = 4.3;
				PRODUCT_NAME = "$(TARGET_NAME)";
				TARGETED_DEVICE_FAMILY = "1,2";
				VALIDATE_PRODUCT = YES;
				WRAPPER_EXTENSION = app;
			};
			name = Release;
		};
/* End XCBuildConfiguration section */

/* Begin XCConfigurationList section */
		B985999A133D12670082E01F /* Build configuration list for PBXProject "Browser" */ = {
			isa = XCConfigurationList;
			buildConfigurations = (
				B98599BF133D12670082E01F /* Debug */,
				B98599C0133D12670082E01F /* Release */,
			);
			defaultConfigurationIsVisible = 0;
			defaultConfigurationName = Release;
		};
		B98599C1133D12670082E01F /* Build configuration list for PBXNativeTarget "Browser" */ = {
			isa = XCConfigurationList;
			buildConfigurations = (
				B98599C2133D12670082E01F /* Debug */,
				B98599C3133D12670082E01F /* Release */,
			);
			defaultConfigurationIsVisible = 0;
			defaultConfigurationName = Release;
		};
		B998B8CD134C65BF003C2C7B /* Build configuration list for PBXNativeTarget "Tests" */ = {
			isa = XCConfigurationList;
			buildConfigurations = (
				B998B8CB134C65BF003C2C7B /* Debug */,
				B998B8CC134C65BF003C2C7B /* Release */,
			);
			defaultConfigurationIsVisible = 0;
		};
/* End XCConfigurationList section */

/* Begin XCVersionGroup section */
		B9D65D41134209830017AA76 /* ERD.xcdatamodeld */ = {
			isa = XCVersionGroup;
			children = (
				B9D65D42134209830017AA76 /* ERD.xcdatamodel */,
			);
			currentVersion = B9D65D42134209830017AA76 /* ERD.xcdatamodel */;
			path = ERD.xcdatamodeld;
			sourceTree = "<group>";
			versionGroupType = wrapper.xcdatamodel;
		};
/* End XCVersionGroup section */
	};
	rootObject = B9859997133D12670082E01F /* Project object */;
}
